
Microsoft Visual Studio Solution File, Format Version 12.00
# Visual Studio Version 17
VisualStudioVersion = 17.7.34031.279
MinimumVisualStudioVersion = 10.0.40219.1
Project("{9A19103F-16F7-4668-BE54-9A1E7A4F7556}") = "EpochEon", "Prueba\EpochEon.csproj", "{7D8BB2C2-EA25-44D5-8509-DE1CE8929585}"
EndProject
Global
	GlobalSection(SolutionConfigurationPlatforms) = preSolution
		Debug|Any CPU = Debug|Any CPU
		Release|Any CPU = Release|Any CPU
	EndGlobalSection
	GlobalSection(ProjectConfigurationPlatforms) = postSolution
		{7D8BB2C2-EA25-44D5-8509-DE1CE8929585}.Debug|Any CPU.ActiveCfg = Debug|Any CPU
		{7D8BB2C2-EA25-44D5-8509-DE1CE8929585}.Debug|Any CPU.Build.0 = Debug|Any CPU
		{7D8BB2C2-EA25-44D5-8509-DE1CE8929585}.Release|Any CPU.ActiveCfg = Release|Any CPU
		{7D8BB2C2-EA25-44D5-8509-DE1CE8929585}.Release|Any CPU.Build.0 = Release|Any CPU
	EndGlobalSection
	GlobalSection(SolutionProperties) = preSolution
		HideSolutionNode = FALSE
	EndGlobalSection
	GlobalSection(ExtensibilityGlobals) = postSolution
		SolutionGuid = {11CC6389-EF8F-4CF9-9F18-DC27BC515EB0}
	EndGlobalSection
EndGlobal
